// !$*UTF8*$!
{
	archiveVersion = 1;
	classes = {
	};
	objectVersion = 48;
	objects = {

/* Begin PBXBuildFile section */
		772831431F8DCC6000CC2678 /* Pokemon.swift in Sources */ = {isa = PBXBuildFile; fileRef = 772831421F8DCC6000CC2678 /* Pokemon.swift */; };
		772831451F8DFBA300CC2678 /* DescriptionModel.swift in Sources */ = {isa = PBXBuildFile; fileRef = 772831441F8DFBA300CC2678 /* DescriptionModel.swift */; };
		772892D71F8C903B00CD85F5 /* EvolutionChainRequest.swift in Sources */ = {isa = PBXBuildFile; fileRef = 772892D61F8C903B00CD85F5 /* EvolutionChainRequest.swift */; };
		772892D91F8C9A3000CD85F5 /* Evolution.swift in Sources */ = {isa = PBXBuildFile; fileRef = 772892D81F8C9A3000CD85F5 /* Evolution.swift */; };
		774279681F860A0100DE9628 /* PokemonRequest.swift in Sources */ = {isa = PBXBuildFile; fileRef = 774279671F860A0100DE9628 /* PokemonRequest.swift */; };
		7742796B1F860AEF00DE9628 /* BasedConfiguration.swift in Sources */ = {isa = PBXBuildFile; fileRef = 7742796A1F860AEF00DE9628 /* BasedConfiguration.swift */; };
		7742796D1F86184A00DE9628 /* SpeciesRequest.swift in Sources */ = {isa = PBXBuildFile; fileRef = 7742796C1F86184A00DE9628 /* SpeciesRequest.swift */; };
		7742796F1F861B6C00DE9628 /* Species.swift in Sources */ = {isa = PBXBuildFile; fileRef = 7742796E1F861B6C00DE9628 /* Species.swift */; };
		77666D791F873707002D3F72 /* DetailCoordinator.swift in Sources */ = {isa = PBXBuildFile; fileRef = 77666D781F873707002D3F72 /* DetailCoordinator.swift */; };
		77666D7B1F87371C002D3F72 /* DetailVC.swift in Sources */ = {isa = PBXBuildFile; fileRef = 77666D7A1F87371C002D3F72 /* DetailVC.swift */; };
		77666D7D1F87372F002D3F72 /* DetailView.swift in Sources */ = {isa = PBXBuildFile; fileRef = 77666D7C1F87372F002D3F72 /* DetailView.swift */; };
		77666D801F873BE4002D3F72 /* DetailCoordinatorDelegate.swift in Sources */ = {isa = PBXBuildFile; fileRef = 77666D7F1F873BE4002D3F72 /* DetailCoordinatorDelegate.swift */; };
		77666D821F873CA6002D3F72 /* DetailVCDelegate.swift in Sources */ = {isa = PBXBuildFile; fileRef = 77666D811F873CA6002D3F72 /* DetailVCDelegate.swift */; };
		776EBC7C1F85CA8000CC9911 /* MainVCDelegate.swift in Sources */ = {isa = PBXBuildFile; fileRef = 776EBC7B1F85CA8000CC9911 /* MainVCDelegate.swift */; };
		776EBC7E1F85CF9600CC9911 /* MainSectionControllerDelegate.swift in Sources */ = {isa = PBXBuildFile; fileRef = 776EBC7D1F85CF9600CC9911 /* MainSectionControllerDelegate.swift */; };
		777238891F8482480097F804 /* PokemonIcon.swift in Sources */ = {isa = PBXBuildFile; fileRef = 777238881F8482480097F804 /* PokemonIcon.swift */; };
		7772388C1F8485530097F804 /* JSONKey.swift in Sources */ = {isa = PBXBuildFile; fileRef = 7772388B1F8485530097F804 /* JSONKey.swift */; };
		7772388F1F8488F70097F804 /* RawCSV.swift in Sources */ = {isa = PBXBuildFile; fileRef = 7772388E1F8488F70097F804 /* RawCSV.swift */; };
		777238911F848A340097F804 /* CSVError.swift in Sources */ = {isa = PBXBuildFile; fileRef = 777238901F848A340097F804 /* CSVError.swift */; };
		777238941F848D710097F804 /* SequenceExtensions.swift in Sources */ = {isa = PBXBuildFile; fileRef = 777238931F848D710097F804 /* SequenceExtensions.swift */; };
		777238961F848DC80097F804 /* CharactersExtensions.swift in Sources */ = {isa = PBXBuildFile; fileRef = 777238951F848DC80097F804 /* CharactersExtensions.swift */; };
		77757F891F832C9A003CBCFF /* MainView.swift in Sources */ = {isa = PBXBuildFile; fileRef = 77757F881F832C9A003CBCFF /* MainView.swift */; };
		77757F8B1F83621E003CBCFF /* MainCell.swift in Sources */ = {isa = PBXBuildFile; fileRef = 77757F8A1F83621E003CBCFF /* MainCell.swift */; };
		77757F961F83A464003CBCFF /* pokemon.csv in Resources */ = {isa = PBXBuildFile; fileRef = 77757F951F83A464003CBCFF /* pokemon.csv */; };
		7782A2C21F8F161A006621A8 /* StatModel.swift in Sources */ = {isa = PBXBuildFile; fileRef = 7782A2C11F8F161A006621A8 /* StatModel.swift */; };
		778838DE1F8B3FE8006A2398 /* DescriptionCell.swift in Sources */ = {isa = PBXBuildFile; fileRef = 778838DD1F8B3FE8006A2398 /* DescriptionCell.swift */; };
		778838E01F8B3FF9006A2398 /* StatsCell.swift in Sources */ = {isa = PBXBuildFile; fileRef = 778838DF1F8B3FF9006A2398 /* StatsCell.swift */; };
		778838E31F8B42EB006A2398 /* DetailModels.swift in Sources */ = {isa = PBXBuildFile; fileRef = 778838E21F8B42EB006A2398 /* DetailModels.swift */; };
		778838E51F8B4CF8006A2398 /* DescriptionSectionController.swift in Sources */ = {isa = PBXBuildFile; fileRef = 778838E41F8B4CF8006A2398 /* DescriptionSectionController.swift */; };
		778838E71F8B4D32006A2398 /* StatsSectionController.swift in Sources */ = {isa = PBXBuildFile; fileRef = 778838E61F8B4D32006A2398 /* StatsSectionController.swift */; };
		778FECE41F820F6F00251526 /* AppDelegate.swift in Sources */ = {isa = PBXBuildFile; fileRef = 778FECE31F820F6F00251526 /* AppDelegate.swift */; };
		778FECEB1F820F6F00251526 /* Assets.xcassets in Resources */ = {isa = PBXBuildFile; fileRef = 778FECEA1F820F6F00251526 /* Assets.xcassets */; };
		778FECEE1F820F6F00251526 /* LaunchScreen.storyboard in Resources */ = {isa = PBXBuildFile; fileRef = 778FECEC1F820F6F00251526 /* LaunchScreen.storyboard */; };
		778FECF81F82173700251526 /* PokedexAppCoordinator.swift in Sources */ = {isa = PBXBuildFile; fileRef = 778FECF71F82173700251526 /* PokedexAppCoordinator.swift */; };
		778FECFB1F822C4400251526 /* MainCoordinator.swift in Sources */ = {isa = PBXBuildFile; fileRef = 778FECFA1F822C4400251526 /* MainCoordinator.swift */; };
		778FECFD1F822C5100251526 /* MainVC.swift in Sources */ = {isa = PBXBuildFile; fileRef = 778FECFC1F822C5100251526 /* MainVC.swift */; };
		77A192331F84A78200A7C162 /* MainSectionController.swift in Sources */ = {isa = PBXBuildFile; fileRef = 77A192321F84A78200A7C162 /* MainSectionController.swift */; };
		77A192351F84A7A200A7C162 /* MainDataSource.swift in Sources */ = {isa = PBXBuildFile; fileRef = 77A192341F84A7A200A7C162 /* MainDataSource.swift */; };
		77CBA8CF1F877B06003F717D /* CustomColors.swift in Sources */ = {isa = PBXBuildFile; fileRef = 77CBA8CE1F877B06003F717D /* CustomColors.swift */; };
		77EABEFA1F9068D700F22667 /* InfoVC.swift in Sources */ = {isa = PBXBuildFile; fileRef = 77EABEF91F9068D700F22667 /* InfoVC.swift */; };
		77EABEFC1F9069D800F22667 /* InfoCoordinator.swift in Sources */ = {isa = PBXBuildFile; fileRef = 77EABEFB1F9069D800F22667 /* InfoCoordinator.swift */; };
		77EABEFF1F906FAA00F22667 /* InfoVCDelegate.swift in Sources */ = {isa = PBXBuildFile; fileRef = 77EABEFE1F906FAA00F22667 /* InfoVCDelegate.swift */; };
		77EABF011F907D9B00F22667 /* InfoView.swift in Sources */ = {isa = PBXBuildFile; fileRef = 77EABF001F907D9B00F22667 /* InfoView.swift */; };
		77FFEF4C1F8CB183008791B3 /* EvolutionNode.swift in Sources */ = {isa = PBXBuildFile; fileRef = 77FFEF4B1F8CB183008791B3 /* EvolutionNode.swift */; };
		9BF2A503B068EC4A9B0F878F /* Pods_PokedexFFUF.framework in Frameworks */ = {isa = PBXBuildFile; fileRef = 2471EE03474059A4700EACDE /* Pods_PokedexFFUF.framework */; };
/* End PBXBuildFile section */

/* Begin PBXFileReference section */
		2471EE03474059A4700EACDE /* Pods_PokedexFFUF.framework */ = {isa = PBXFileReference; explicitFileType = wrapper.framework; includeInIndex = 0; path = Pods_PokedexFFUF.framework; sourceTree = BUILT_PRODUCTS_DIR; };
		32609115831FBC9914127D75 /* Pods-PokedexFFUF.release.xcconfig */ = {isa = PBXFileReference; includeInIndex = 1; lastKnownFileType = text.xcconfig; name = "Pods-PokedexFFUF.release.xcconfig"; path = "Pods/Target Support Files/Pods-PokedexFFUF/Pods-PokedexFFUF.release.xcconfig"; sourceTree = "<group>"; };
		772831421F8DCC6000CC2678 /* Pokemon.swift */ = {isa = PBXFileReference; lastKnownFileType = sourcecode.swift; path = Pokemon.swift; sourceTree = "<group>"; };
		772831441F8DFBA300CC2678 /* DescriptionModel.swift */ = {isa = PBXFileReference; lastKnownFileType = sourcecode.swift; path = DescriptionModel.swift; sourceTree = "<group>"; };
		772892D61F8C903B00CD85F5 /* EvolutionChainRequest.swift */ = {isa = PBXFileReference; lastKnownFileType = sourcecode.swift; path = EvolutionChainRequest.swift; sourceTree = "<group>"; };
		772892D81F8C9A3000CD85F5 /* Evolution.swift */ = {isa = PBXFileReference; lastKnownFileType = sourcecode.swift; path = Evolution.swift; sourceTree = "<group>"; };
		774279671F860A0100DE9628 /* PokemonRequest.swift */ = {isa = PBXFileReference; lastKnownFileType = sourcecode.swift; path = PokemonRequest.swift; sourceTree = "<group>"; };
		7742796A1F860AEF00DE9628 /* BasedConfiguration.swift */ = {isa = PBXFileReference; lastKnownFileType = sourcecode.swift; path = BasedConfiguration.swift; sourceTree = "<group>"; };
		7742796C1F86184A00DE9628 /* SpeciesRequest.swift */ = {isa = PBXFileReference; lastKnownFileType = sourcecode.swift; path = SpeciesRequest.swift; sourceTree = "<group>"; };
		7742796E1F861B6C00DE9628 /* Species.swift */ = {isa = PBXFileReference; lastKnownFileType = sourcecode.swift; path = Species.swift; sourceTree = "<group>"; };
		77666D781F873707002D3F72 /* DetailCoordinator.swift */ = {isa = PBXFileReference; lastKnownFileType = sourcecode.swift; path = DetailCoordinator.swift; sourceTree = "<group>"; };
		77666D7A1F87371C002D3F72 /* DetailVC.swift */ = {isa = PBXFileReference; lastKnownFileType = sourcecode.swift; path = DetailVC.swift; sourceTree = "<group>"; };
		77666D7C1F87372F002D3F72 /* DetailView.swift */ = {isa = PBXFileReference; lastKnownFileType = sourcecode.swift; path = DetailView.swift; sourceTree = "<group>"; };
		77666D7F1F873BE4002D3F72 /* DetailCoordinatorDelegate.swift */ = {isa = PBXFileReference; lastKnownFileType = sourcecode.swift; path = DetailCoordinatorDelegate.swift; sourceTree = "<group>"; };
		77666D811F873CA6002D3F72 /* DetailVCDelegate.swift */ = {isa = PBXFileReference; lastKnownFileType = sourcecode.swift; path = DetailVCDelegate.swift; sourceTree = "<group>"; };
		776EBC7B1F85CA8000CC9911 /* MainVCDelegate.swift */ = {isa = PBXFileReference; lastKnownFileType = sourcecode.swift; path = MainVCDelegate.swift; sourceTree = "<group>"; };
		776EBC7D1F85CF9600CC9911 /* MainSectionControllerDelegate.swift */ = {isa = PBXFileReference; lastKnownFileType = sourcecode.swift; path = MainSectionControllerDelegate.swift; sourceTree = "<group>"; };
		777238881F8482480097F804 /* PokemonIcon.swift */ = {isa = PBXFileReference; lastKnownFileType = sourcecode.swift; path = PokemonIcon.swift; sourceTree = "<group>"; };
		7772388B1F8485530097F804 /* JSONKey.swift */ = {isa = PBXFileReference; lastKnownFileType = sourcecode.swift; path = JSONKey.swift; sourceTree = "<group>"; };
		7772388E1F8488F70097F804 /* RawCSV.swift */ = {isa = PBXFileReference; lastKnownFileType = sourcecode.swift; path = RawCSV.swift; sourceTree = "<group>"; };
		777238901F848A340097F804 /* CSVError.swift */ = {isa = PBXFileReference; lastKnownFileType = sourcecode.swift; path = CSVError.swift; sourceTree = "<group>"; };
		777238931F848D710097F804 /* SequenceExtensions.swift */ = {isa = PBXFileReference; lastKnownFileType = sourcecode.swift; path = SequenceExtensions.swift; sourceTree = "<group>"; };
		777238951F848DC80097F804 /* CharactersExtensions.swift */ = {isa = PBXFileReference; lastKnownFileType = sourcecode.swift; path = CharactersExtensions.swift; sourceTree = "<group>"; };
		77757F881F832C9A003CBCFF /* MainView.swift */ = {isa = PBXFileReference; lastKnownFileType = sourcecode.swift; path = MainView.swift; sourceTree = "<group>"; };
		77757F8A1F83621E003CBCFF /* MainCell.swift */ = {isa = PBXFileReference; lastKnownFileType = sourcecode.swift; path = MainCell.swift; sourceTree = "<group>"; };
		77757F951F83A464003CBCFF /* pokemon.csv */ = {isa = PBXFileReference; lastKnownFileType = text; path = pokemon.csv; sourceTree = "<group>"; };
		7782A2C11F8F161A006621A8 /* StatModel.swift */ = {isa = PBXFileReference; lastKnownFileType = sourcecode.swift; path = StatModel.swift; sourceTree = "<group>"; };
		778838DD1F8B3FE8006A2398 /* DescriptionCell.swift */ = {isa = PBXFileReference; lastKnownFileType = sourcecode.swift; path = DescriptionCell.swift; sourceTree = "<group>"; };
		778838DF1F8B3FF9006A2398 /* StatsCell.swift */ = {isa = PBXFileReference; lastKnownFileType = sourcecode.swift; path = StatsCell.swift; sourceTree = "<group>"; };
		778838E21F8B42EB006A2398 /* DetailModels.swift */ = {isa = PBXFileReference; lastKnownFileType = sourcecode.swift; path = DetailModels.swift; sourceTree = "<group>"; };
		778838E41F8B4CF8006A2398 /* DescriptionSectionController.swift */ = {isa = PBXFileReference; lastKnownFileType = sourcecode.swift; path = DescriptionSectionController.swift; sourceTree = "<group>"; };
		778838E61F8B4D32006A2398 /* StatsSectionController.swift */ = {isa = PBXFileReference; lastKnownFileType = sourcecode.swift; path = StatsSectionController.swift; sourceTree = "<group>"; };
		778FECE01F820F6F00251526 /* PokedexFFUF.app */ = {isa = PBXFileReference; explicitFileType = wrapper.application; includeInIndex = 0; path = PokedexFFUF.app; sourceTree = BUILT_PRODUCTS_DIR; };
		778FECE31F820F6F00251526 /* AppDelegate.swift */ = {isa = PBXFileReference; lastKnownFileType = sourcecode.swift; path = AppDelegate.swift; sourceTree = "<group>"; };
		778FECEA1F820F6F00251526 /* Assets.xcassets */ = {isa = PBXFileReference; lastKnownFileType = folder.assetcatalog; path = Assets.xcassets; sourceTree = "<group>"; };
		778FECED1F820F6F00251526 /* Base */ = {isa = PBXFileReference; lastKnownFileType = file.storyboard; name = Base; path = Base.lproj/LaunchScreen.storyboard; sourceTree = "<group>"; };
		778FECEF1F820F6F00251526 /* Info.plist */ = {isa = PBXFileReference; lastKnownFileType = text.plist.xml; path = Info.plist; sourceTree = "<group>"; };
		778FECF71F82173700251526 /* PokedexAppCoordinator.swift */ = {isa = PBXFileReference; lastKnownFileType = sourcecode.swift; path = PokedexAppCoordinator.swift; sourceTree = "<group>"; };
		778FECFA1F822C4400251526 /* MainCoordinator.swift */ = {isa = PBXFileReference; lastKnownFileType = sourcecode.swift; path = MainCoordinator.swift; sourceTree = "<group>"; };
		778FECFC1F822C5100251526 /* MainVC.swift */ = {isa = PBXFileReference; lastKnownFileType = sourcecode.swift; path = MainVC.swift; sourceTree = "<group>"; };
		77A192321F84A78200A7C162 /* MainSectionController.swift */ = {isa = PBXFileReference; lastKnownFileType = sourcecode.swift; path = MainSectionController.swift; sourceTree = "<group>"; };
		77A192341F84A7A200A7C162 /* MainDataSource.swift */ = {isa = PBXFileReference; lastKnownFileType = sourcecode.swift; path = MainDataSource.swift; sourceTree = "<group>"; };
		77CBA8CE1F877B06003F717D /* CustomColors.swift */ = {isa = PBXFileReference; lastKnownFileType = sourcecode.swift; path = CustomColors.swift; sourceTree = "<group>"; };
		77EABEF91F9068D700F22667 /* InfoVC.swift */ = {isa = PBXFileReference; lastKnownFileType = sourcecode.swift; path = InfoVC.swift; sourceTree = "<group>"; };
		77EABEFB1F9069D800F22667 /* InfoCoordinator.swift */ = {isa = PBXFileReference; lastKnownFileType = sourcecode.swift; path = InfoCoordinator.swift; sourceTree = "<group>"; };
		77EABEFE1F906FAA00F22667 /* InfoVCDelegate.swift */ = {isa = PBXFileReference; lastKnownFileType = sourcecode.swift; path = InfoVCDelegate.swift; sourceTree = "<group>"; };
		77EABF001F907D9B00F22667 /* InfoView.swift */ = {isa = PBXFileReference; lastKnownFileType = sourcecode.swift; path = InfoView.swift; sourceTree = "<group>"; };
		77FFEF4B1F8CB183008791B3 /* EvolutionNode.swift */ = {isa = PBXFileReference; lastKnownFileType = sourcecode.swift; path = EvolutionNode.swift; sourceTree = "<group>"; };
		7E6521685C7C75B2045F0F0C /* Pods-PokedexFFUF.debug.xcconfig */ = {isa = PBXFileReference; includeInIndex = 1; lastKnownFileType = text.xcconfig; name = "Pods-PokedexFFUF.debug.xcconfig"; path = "Pods/Target Support Files/Pods-PokedexFFUF/Pods-PokedexFFUF.debug.xcconfig"; sourceTree = "<group>"; };
/* End PBXFileReference section */

/* Begin PBXFrameworksBuildPhase section */
		778FECDD1F820F6F00251526 /* Frameworks */ = {
			isa = PBXFrameworksBuildPhase;
			buildActionMask = 2147483647;
			files = (
				9BF2A503B068EC4A9B0F878F /* Pods_PokedexFFUF.framework in Frameworks */,
			);
			runOnlyForDeploymentPostprocessing = 0;
		};
/* End PBXFrameworksBuildPhase section */

/* Begin PBXGroup section */
		21F853E5E0C8519E6E24B987 /* Frameworks */ = {
			isa = PBXGroup;
			children = (
				2471EE03474059A4700EACDE /* Pods_PokedexFFUF.framework */,
			);
			name = Frameworks;
			sourceTree = "<group>";
		};
		27BABDB58131181A08A238E3 /* Pods */ = {
			isa = PBXGroup;
			children = (
				7E6521685C7C75B2045F0F0C /* Pods-PokedexFFUF.debug.xcconfig */,
				32609115831FBC9914127D75 /* Pods-PokedexFFUF.release.xcconfig */,
			);
			name = Pods;
			sourceTree = "<group>";
		};
		774279661F8606C600DE9628 /* Requests */ = {
			isa = PBXGroup;
			children = (
				774279671F860A0100DE9628 /* PokemonRequest.swift */,
				7742796C1F86184A00DE9628 /* SpeciesRequest.swift */,
				772892D61F8C903B00CD85F5 /* EvolutionChainRequest.swift */,
			);
			path = Requests;
			sourceTree = "<group>";
		};
		774279691F860ADB00DE9628 /* Networking */ = {
			isa = PBXGroup;
			children = (
				7742796A1F860AEF00DE9628 /* BasedConfiguration.swift */,
			);
			path = Networking;
			sourceTree = "<group>";
		};
		77666D771F8733BB002D3F72 /* Detail */ = {
			isa = PBXGroup;
			children = (
				77666D781F873707002D3F72 /* DetailCoordinator.swift */,
				77666D7A1F87371C002D3F72 /* DetailVC.swift */,
				77666D7C1F87372F002D3F72 /* DetailView.swift */,
				778838E41F8B4CF8006A2398 /* DescriptionSectionController.swift */,
				778838E61F8B4D32006A2398 /* StatsSectionController.swift */,
				77666D7E1F873BC3002D3F72 /* Protocols */,
				778838DC1F8B3FB4006A2398 /* UIViews */,
				778838E11F8B42D5006A2398 /* Models */,
			);
			path = Detail;
			sourceTree = "<group>";
		};
		77666D7E1F873BC3002D3F72 /* Protocols */ = {
			isa = PBXGroup;
			children = (
				77666D7F1F873BE4002D3F72 /* DetailCoordinatorDelegate.swift */,
				77666D811F873CA6002D3F72 /* DetailVCDelegate.swift */,
			);
			path = Protocols;
			sourceTree = "<group>";
		};
		776EBC7A1F85CA4D00CC9911 /* Protocols */ = {
			isa = PBXGroup;
			children = (
				776EBC7B1F85CA8000CC9911 /* MainVCDelegate.swift */,
				776EBC7D1F85CF9600CC9911 /* MainSectionControllerDelegate.swift */,
			);
			path = Protocols;
			sourceTree = "<group>";
		};
		777238871F8481830097F804 /* Model */ = {
			isa = PBXGroup;
			children = (
				777238881F8482480097F804 /* PokemonIcon.swift */,
				7742796E1F861B6C00DE9628 /* Species.swift */,
				772892D81F8C9A3000CD85F5 /* Evolution.swift */,
				77FFEF4B1F8CB183008791B3 /* EvolutionNode.swift */,
				772831421F8DCC6000CC2678 /* Pokemon.swift */,
			);
			path = Model;
			sourceTree = "<group>";
		};
		7772388A1F84853A0097F804 /* Enums */ = {
			isa = PBXGroup;
			children = (
				7772388B1F8485530097F804 /* JSONKey.swift */,
				777238901F848A340097F804 /* CSVError.swift */,
				77CBA8CE1F877B06003F717D /* CustomColors.swift */,
			);
			path = Enums;
			sourceTree = "<group>";
		};
		7772388D1F8488E30097F804 /* Structs */ = {
			isa = PBXGroup;
			children = (
				7772388E1F8488F70097F804 /* RawCSV.swift */,
			);
			path = Structs;
			sourceTree = "<group>";
		};
		777238921F848D2E0097F804 /* Extensions */ = {
			isa = PBXGroup;
			children = (
				777238931F848D710097F804 /* SequenceExtensions.swift */,
				777238951F848DC80097F804 /* CharactersExtensions.swift */,
			);
			path = Extensions;
			sourceTree = "<group>";
		};
		778838DC1F8B3FB4006A2398 /* UIViews */ = {
			isa = PBXGroup;
			children = (
				778838DD1F8B3FE8006A2398 /* DescriptionCell.swift */,
				778838DF1F8B3FF9006A2398 /* StatsCell.swift */,
			);
			path = UIViews;
			sourceTree = "<group>";
		};
		778838E11F8B42D5006A2398 /* Models */ = {
			isa = PBXGroup;
			children = (
				778838E21F8B42EB006A2398 /* DetailModels.swift */,
				772831441F8DFBA300CC2678 /* DescriptionModel.swift */,
				7782A2C11F8F161A006621A8 /* StatModel.swift */,
			);
			path = Models;
			sourceTree = "<group>";
		};
		778FECD71F820F6F00251526 = {
			isa = PBXGroup;
			children = (
				778FECE21F820F6F00251526 /* PokedexFFUF */,
				778FECE11F820F6F00251526 /* Products */,
				27BABDB58131181A08A238E3 /* Pods */,
				21F853E5E0C8519E6E24B987 /* Frameworks */,
			);
			sourceTree = "<group>";
		};
		778FECE11F820F6F00251526 /* Products */ = {
			isa = PBXGroup;
			children = (
				778FECE01F820F6F00251526 /* PokedexFFUF.app */,
			);
			name = Products;
			sourceTree = "<group>";
		};
		778FECE21F820F6F00251526 /* PokedexFFUF */ = {
			isa = PBXGroup;
			children = (
				774279691F860ADB00DE9628 /* Networking */,
				777238921F848D2E0097F804 /* Extensions */,
				7772388D1F8488E30097F804 /* Structs */,
				7772388A1F84853A0097F804 /* Enums */,
				778FECF61F82112900251526 /* Supporting Files */,
				777238871F8481830097F804 /* Model */,
				778FECF51F82111200251526 /* AppControllers */,
				77EABEF81F9068B800F22667 /* Info */,
				77666D771F8733BB002D3F72 /* Detail */,
				778FECF91F822C0E00251526 /* Main */,
			);
			path = PokedexFFUF;
			sourceTree = "<group>";
		};
		778FECF51F82111200251526 /* AppControllers */ = {
			isa = PBXGroup;
			children = (
				778FECE31F820F6F00251526 /* AppDelegate.swift */,
				778FECF71F82173700251526 /* PokedexAppCoordinator.swift */,
			);
			path = AppControllers;
			sourceTree = "<group>";
		};
		778FECF61F82112900251526 /* Supporting Files */ = {
			isa = PBXGroup;
			children = (
				778FECEC1F820F6F00251526 /* LaunchScreen.storyboard */,
				778FECEA1F820F6F00251526 /* Assets.xcassets */,
				778FECEF1F820F6F00251526 /* Info.plist */,
				77757F951F83A464003CBCFF /* pokemon.csv */,
			);
			path = "Supporting Files";
			sourceTree = "<group>";
		};
		778FECF91F822C0E00251526 /* Main */ = {
			isa = PBXGroup;
			children = (
				778FECFA1F822C4400251526 /* MainCoordinator.swift */,
				778FECFC1F822C5100251526 /* MainVC.swift */,
				77757F881F832C9A003CBCFF /* MainView.swift */,
				77757F8A1F83621E003CBCFF /* MainCell.swift */,
				77A192321F84A78200A7C162 /* MainSectionController.swift */,
				77A192341F84A7A200A7C162 /* MainDataSource.swift */,
				774279661F8606C600DE9628 /* Requests */,
				776EBC7A1F85CA4D00CC9911 /* Protocols */,
			);
			path = Main;
			sourceTree = "<group>";
		};
		77EABEF81F9068B800F22667 /* Info */ = {
			isa = PBXGroup;
			children = (
				77EABEF91F9068D700F22667 /* InfoVC.swift */,
				77EABEFB1F9069D800F22667 /* InfoCoordinator.swift */,
				77EABF001F907D9B00F22667 /* InfoView.swift */,
				77EABEFD1F906F9400F22667 /* Protocols */,
			);
			path = Info;
			sourceTree = "<group>";
		};
		77EABEFD1F906F9400F22667 /* Protocols */ = {
			isa = PBXGroup;
			children = (
				77EABEFE1F906FAA00F22667 /* InfoVCDelegate.swift */,
			);
			path = Protocols;
			sourceTree = "<group>";
		};
/* End PBXGroup section */

/* Begin PBXNativeTarget section */
		778FECDF1F820F6F00251526 /* PokedexFFUF */ = {
			isa = PBXNativeTarget;
			buildConfigurationList = 778FECF21F820F6F00251526 /* Build configuration list for PBXNativeTarget "PokedexFFUF" */;
			buildPhases = (
				1B50DF0BCAA498464AA3E3DA /* [CP] Check Pods Manifest.lock */,
				778FECDC1F820F6F00251526 /* Sources */,
				778FECDD1F820F6F00251526 /* Frameworks */,
				778FECDE1F820F6F00251526 /* Resources */,
				E7D59DA52137FDC0EF96103C /* [CP] Embed Pods Frameworks */,
				95CFED6F77EA0291E983C90D /* [CP] Copy Pods Resources */,
			);
			buildRules = (
			);
			dependencies = (
			);
			name = PokedexFFUF;
			productName = PokedexFFUF;
			productReference = 778FECE01F820F6F00251526 /* PokedexFFUF.app */;
			productType = "com.apple.product-type.application";
		};
/* End PBXNativeTarget section */

/* Begin PBXProject section */
		778FECD81F820F6F00251526 /* Project object */ = {
			isa = PBXProject;
			attributes = {
				LastSwiftUpdateCheck = 0900;
				LastUpgradeCheck = 0900;
				ORGANIZATIONNAME = FFUF;
				TargetAttributes = {
					778FECDF1F820F6F00251526 = {
						CreatedOnToolsVersion = 9.0;
						ProvisioningStyle = Automatic;
					};
				};
			};
			buildConfigurationList = 778FECDB1F820F6F00251526 /* Build configuration list for PBXProject "PokedexFFUF" */;
			compatibilityVersion = "Xcode 8.0";
			developmentRegion = en;
			hasScannedForEncodings = 0;
			knownRegions = (
				en,
				Base,
			);
			mainGroup = 778FECD71F820F6F00251526;
			productRefGroup = 778FECE11F820F6F00251526 /* Products */;
			projectDirPath = "";
			projectRoot = "";
			targets = (
				778FECDF1F820F6F00251526 /* PokedexFFUF */,
			);
		};
/* End PBXProject section */

/* Begin PBXResourcesBuildPhase section */
		778FECDE1F820F6F00251526 /* Resources */ = {
			isa = PBXResourcesBuildPhase;
			buildActionMask = 2147483647;
			files = (
				778FECEE1F820F6F00251526 /* LaunchScreen.storyboard in Resources */,
				77757F961F83A464003CBCFF /* pokemon.csv in Resources */,
				778FECEB1F820F6F00251526 /* Assets.xcassets in Resources */,
			);
			runOnlyForDeploymentPostprocessing = 0;
		};
/* End PBXResourcesBuildPhase section */

/* Begin PBXShellScriptBuildPhase section */
		1B50DF0BCAA498464AA3E3DA /* [CP] Check Pods Manifest.lock */ = {
			isa = PBXShellScriptBuildPhase;
			buildActionMask = 2147483647;
			files = (
			);
			inputPaths = (
				"${PODS_PODFILE_DIR_PATH}/Podfile.lock",
				"${PODS_ROOT}/Manifest.lock",
			);
			name = "[CP] Check Pods Manifest.lock";
			outputPaths = (
				"$(DERIVED_FILE_DIR)/Pods-PokedexFFUF-checkManifestLockResult.txt",
			);
			runOnlyForDeploymentPostprocessing = 0;
			shellPath = /bin/sh;
			shellScript = "diff \"${PODS_PODFILE_DIR_PATH}/Podfile.lock\" \"${PODS_ROOT}/Manifest.lock\" > /dev/null\nif [ $? != 0 ] ; then\n    # print error to STDERR\n    echo \"error: The sandbox is not in sync with the Podfile.lock. Run 'pod install' or update your CocoaPods installation.\" >&2\n    exit 1\nfi\n# This output is used by Xcode 'outputs' to avoid re-running this script phase.\necho \"SUCCESS\" > \"${SCRIPT_OUTPUT_FILE_0}\"\n";
			showEnvVarsInLog = 0;
		};
		95CFED6F77EA0291E983C90D /* [CP] Copy Pods Resources */ = {
			isa = PBXShellScriptBuildPhase;
			buildActionMask = 2147483647;
			files = (
			);
			inputPaths = (
			);
			name = "[CP] Copy Pods Resources";
			outputPaths = (
			);
			runOnlyForDeploymentPostprocessing = 0;
			shellPath = /bin/sh;
			shellScript = "\"${SRCROOT}/Pods/Target Support Files/Pods-PokedexFFUF/Pods-PokedexFFUF-resources.sh\"\n";
			showEnvVarsInLog = 0;
		};
		E7D59DA52137FDC0EF96103C /* [CP] Embed Pods Frameworks */ = {
			isa = PBXShellScriptBuildPhase;
			buildActionMask = 2147483647;
			files = (
			);
			inputPaths = (
				"${SRCROOT}/Pods/Target Support Files/Pods-PokedexFFUF/Pods-PokedexFFUF-frameworks.sh",
				"${BUILT_PRODUCTS_DIR}/BrightFutures/BrightFutures.framework",
				"${BUILT_PRODUCTS_DIR}/FFuFArchitecture/FFuFArchitecture.framework",
				"${BUILT_PRODUCTS_DIR}/FSwiftNetworking/FSwiftNetworking.framework",
				"${BUILT_PRODUCTS_DIR}/FSwiftParser/FSwiftParser.framework",
				"${BUILT_PRODUCTS_DIR}/IGListKit/IGListKit.framework",
				"${BUILT_PRODUCTS_DIR}/Rapid/Rapid.framework",
				"${BUILT_PRODUCTS_DIR}/Realm/Realm.framework",
				"${BUILT_PRODUCTS_DIR}/RealmSwift/RealmSwift.framework",
				"${BUILT_PRODUCTS_DIR}/Result/Result.framework",
				"${BUILT_PRODUCTS_DIR}/SnapKit/SnapKit.framework",
			);
			name = "[CP] Embed Pods Frameworks";
			outputPaths = (
				"${TARGET_BUILD_DIR}/${FRAMEWORKS_FOLDER_PATH}/BrightFutures.framework",
				"${TARGET_BUILD_DIR}/${FRAMEWORKS_FOLDER_PATH}/FFuFArchitecture.framework",
				"${TARGET_BUILD_DIR}/${FRAMEWORKS_FOLDER_PATH}/FSwiftNetworking.framework",
				"${TARGET_BUILD_DIR}/${FRAMEWORKS_FOLDER_PATH}/FSwiftParser.framework",
				"${TARGET_BUILD_DIR}/${FRAMEWORKS_FOLDER_PATH}/IGListKit.framework",
				"${TARGET_BUILD_DIR}/${FRAMEWORKS_FOLDER_PATH}/Rapid.framework",
				"${TARGET_BUILD_DIR}/${FRAMEWORKS_FOLDER_PATH}/Realm.framework",
				"${TARGET_BUILD_DIR}/${FRAMEWORKS_FOLDER_PATH}/RealmSwift.framework",
				"${TARGET_BUILD_DIR}/${FRAMEWORKS_FOLDER_PATH}/Result.framework",
				"${TARGET_BUILD_DIR}/${FRAMEWORKS_FOLDER_PATH}/SnapKit.framework",
			);
			runOnlyForDeploymentPostprocessing = 0;
			shellPath = /bin/sh;
			shellScript = "\"${SRCROOT}/Pods/Target Support Files/Pods-PokedexFFUF/Pods-PokedexFFUF-frameworks.sh\"\n";
			showEnvVarsInLog = 0;
		};
/* End PBXShellScriptBuildPhase section */

/* Begin PBXSourcesBuildPhase section */
		778FECDC1F820F6F00251526 /* Sources */ = {
			isa = PBXSourcesBuildPhase;
			buildActionMask = 2147483647;
			files = (
				772831431F8DCC6000CC2678 /* Pokemon.swift in Sources */,
				77666D791F873707002D3F72 /* DetailCoordinator.swift in Sources */,
				77666D821F873CA6002D3F72 /* DetailVCDelegate.swift in Sources */,
				7772388F1F8488F70097F804 /* RawCSV.swift in Sources */,
				776EBC7C1F85CA8000CC9911 /* MainVCDelegate.swift in Sources */,
				777238961F848DC80097F804 /* CharactersExtensions.swift in Sources */,
				77666D801F873BE4002D3F72 /* DetailCoordinatorDelegate.swift in Sources */,
				777238891F8482480097F804 /* PokemonIcon.swift in Sources */,
				77EABF011F907D9B00F22667 /* InfoView.swift in Sources */,
				772892D71F8C903B00CD85F5 /* EvolutionChainRequest.swift in Sources */,
				7742796D1F86184A00DE9628 /* SpeciesRequest.swift in Sources */,
				772831451F8DFBA300CC2678 /* DescriptionModel.swift in Sources */,
				778FECE41F820F6F00251526 /* AppDelegate.swift in Sources */,
				778FECFD1F822C5100251526 /* MainVC.swift in Sources */,
				7742796B1F860AEF00DE9628 /* BasedConfiguration.swift in Sources */,
				77EABEFC1F9069D800F22667 /* InfoCoordinator.swift in Sources */,
				778838DE1F8B3FE8006A2398 /* DescriptionCell.swift in Sources */,
				7742796F1F861B6C00DE9628 /* Species.swift in Sources */,
				7772388C1F8485530097F804 /* JSONKey.swift in Sources */,
				772892D91F8C9A3000CD85F5 /* Evolution.swift in Sources */,
				77757F8B1F83621E003CBCFF /* MainCell.swift in Sources */,
				77CBA8CF1F877B06003F717D /* CustomColors.swift in Sources */,
				77EABEFA1F9068D700F22667 /* InfoVC.swift in Sources */,
				777238941F848D710097F804 /* SequenceExtensions.swift in Sources */,
				77FFEF4C1F8CB183008791B3 /* EvolutionNode.swift in Sources */,
				778838E31F8B42EB006A2398 /* DetailModels.swift in Sources */,
				778838E71F8B4D32006A2398 /* StatsSectionController.swift in Sources */,
				778838E51F8B4CF8006A2398 /* DescriptionSectionController.swift in Sources */,
				778838E01F8B3FF9006A2398 /* StatsCell.swift in Sources */,
				77666D7B1F87371C002D3F72 /* DetailVC.swift in Sources */,
				778FECFB1F822C4400251526 /* MainCoordinator.swift in Sources */,
				777238911F848A340097F804 /* CSVError.swift in Sources */,
				77EABEFF1F906FAA00F22667 /* InfoVCDelegate.swift in Sources */,
				77A192331F84A78200A7C162 /* MainSectionController.swift in Sources */,
				77666D7D1F87372F002D3F72 /* DetailView.swift in Sources */,
				77757F891F832C9A003CBCFF /* MainView.swift in Sources */,
				774279681F860A0100DE9628 /* PokemonRequest.swift in Sources */,
				7782A2C21F8F161A006621A8 /* StatModel.swift in Sources */,
				778FECF81F82173700251526 /* PokedexAppCoordinator.swift in Sources */,
				77A192351F84A7A200A7C162 /* MainDataSource.swift in Sources */,
				776EBC7E1F85CF9600CC9911 /* MainSectionControllerDelegate.swift in Sources */,
			);
			runOnlyForDeploymentPostprocessing = 0;
		};
/* End PBXSourcesBuildPhase section */

/* Begin PBXVariantGroup section */
		778FECEC1F820F6F00251526 /* LaunchScreen.storyboard */ = {
			isa = PBXVariantGroup;
			children = (
				778FECED1F820F6F00251526 /* Base */,
			);
			name = LaunchScreen.storyboard;
			sourceTree = "<group>";
		};
/* End PBXVariantGroup section */

/* Begin XCBuildConfiguration section */
		778FECF01F820F6F00251526 /* Debug */ = {
			isa = XCBuildConfiguration;
			buildSettings = {
				ALWAYS_SEARCH_USER_PATHS = NO;
				CLANG_ANALYZER_NONNULL = YES;
				CLANG_ANALYZER_NUMBER_OBJECT_CONVERSION = YES_AGGRESSIVE;
				CLANG_CXX_LANGUAGE_STANDARD = "gnu++14";
				CLANG_CXX_LIBRARY = "libc++";
				CLANG_ENABLE_MODULES = YES;
				CLANG_ENABLE_OBJC_ARC = YES;
				CLANG_WARN_BLOCK_CAPTURE_AUTORELEASING = YES;
				CLANG_WARN_BOOL_CONVERSION = YES;
				CLANG_WARN_COMMA = YES;
				CLANG_WARN_CONSTANT_CONVERSION = YES;
				CLANG_WARN_DIRECT_OBJC_ISA_USAGE = YES_ERROR;
				CLANG_WARN_DOCUMENTATION_COMMENTS = YES;
				CLANG_WARN_EMPTY_BODY = YES;
				CLANG_WARN_ENUM_CONVERSION = YES;
				CLANG_WARN_INFINITE_RECURSION = YES;
				CLANG_WARN_INT_CONVERSION = YES;
				CLANG_WARN_NON_LITERAL_NULL_CONVERSION = YES;
				CLANG_WARN_OBJC_LITERAL_CONVERSION = YES;
				CLANG_WARN_OBJC_ROOT_CLASS = YES_ERROR;
				CLANG_WARN_RANGE_LOOP_ANALYSIS = YES;
				CLANG_WARN_STRICT_PROTOTYPES = YES;
				CLANG_WARN_SUSPICIOUS_MOVE = YES;
				CLANG_WARN_UNGUARDED_AVAILABILITY = YES_AGGRESSIVE;
				CLANG_WARN_UNREACHABLE_CODE = YES;
				CLANG_WARN__DUPLICATE_METHOD_MATCH = YES;
				CODE_SIGN_IDENTITY = "iPhone Developer";
				COPY_PHASE_STRIP = NO;
				DEBUG_INFORMATION_FORMAT = dwarf;
				ENABLE_STRICT_OBJC_MSGSEND = YES;
				ENABLE_TESTABILITY = YES;
				GCC_C_LANGUAGE_STANDARD = gnu11;
				GCC_DYNAMIC_NO_PIC = NO;
				GCC_NO_COMMON_BLOCKS = YES;
				GCC_OPTIMIZATION_LEVEL = 0;
				GCC_PREPROCESSOR_DEFINITIONS = (
					"DEBUG=1",
					"$(inherited)",
				);
				GCC_WARN_64_TO_32_BIT_CONVERSION = YES;
				GCC_WARN_ABOUT_RETURN_TYPE = YES_ERROR;
				GCC_WARN_UNDECLARED_SELECTOR = YES;
				GCC_WARN_UNINITIALIZED_AUTOS = YES_AGGRESSIVE;
				GCC_WARN_UNUSED_FUNCTION = YES;
				GCC_WARN_UNUSED_VARIABLE = YES;
				IPHONEOS_DEPLOYMENT_TARGET = 11.0;
				MTL_ENABLE_DEBUG_INFO = YES;
				ONLY_ACTIVE_ARCH = YES;
				SDKROOT = iphoneos;
				SWIFT_ACTIVE_COMPILATION_CONDITIONS = DEBUG;
				SWIFT_OPTIMIZATION_LEVEL = "-Onone";
			};
			name = Debug;
		};
		778FECF11F820F6F00251526 /* Release */ = {
			isa = XCBuildConfiguration;
			buildSettings = {
				ALWAYS_SEARCH_USER_PATHS = NO;
				CLANG_ANALYZER_NONNULL = YES;
				CLANG_ANALYZER_NUMBER_OBJECT_CONVERSION = YES_AGGRESSIVE;
				CLANG_CXX_LANGUAGE_STANDARD = "gnu++14";
				CLANG_CXX_LIBRARY = "libc++";
				CLANG_ENABLE_MODULES = YES;
				CLANG_ENABLE_OBJC_ARC = YES;
				CLANG_WARN_BLOCK_CAPTURE_AUTORELEASING = YES;
				CLANG_WARN_BOOL_CONVERSION = YES;
				CLANG_WARN_COMMA = YES;
				CLANG_WARN_CONSTANT_CONVERSION = YES;
				CLANG_WARN_DIRECT_OBJC_ISA_USAGE = YES_ERROR;
				CLANG_WARN_DOCUMENTATION_COMMENTS = YES;
				CLANG_WARN_EMPTY_BODY = YES;
				CLANG_WARN_ENUM_CONVERSION = YES;
				CLANG_WARN_INFINITE_RECURSION = YES;
				CLANG_WARN_INT_CONVERSION = YES;
				CLANG_WARN_NON_LITERAL_NULL_CONVERSION = YES;
				CLANG_WARN_OBJC_LITERAL_CONVERSION = YES;
				CLANG_WARN_OBJC_ROOT_CLASS = YES_ERROR;
				CLANG_WARN_RANGE_LOOP_ANALYSIS = YES;
				CLANG_WARN_STRICT_PROTOTYPES = YES;
				CLANG_WARN_SUSPICIOUS_MOVE = YES;
				CLANG_WARN_UNGUARDED_AVAILABILITY = YES_AGGRESSIVE;
				CLANG_WARN_UNREACHABLE_CODE = YES;
				CLANG_WARN__DUPLICATE_METHOD_MATCH = YES;
				CODE_SIGN_IDENTITY = "iPhone Developer";
				COPY_PHASE_STRIP = NO;
				DEBUG_INFORMATION_FORMAT = "dwarf-with-dsym";
				ENABLE_NS_ASSERTIONS = NO;
				ENABLE_STRICT_OBJC_MSGSEND = YES;
				GCC_C_LANGUAGE_STANDARD = gnu11;
				GCC_NO_COMMON_BLOCKS = YES;
				GCC_WARN_64_TO_32_BIT_CONVERSION = YES;
				GCC_WARN_ABOUT_RETURN_TYPE = YES_ERROR;
				GCC_WARN_UNDECLARED_SELECTOR = YES;
				GCC_WARN_UNINITIALIZED_AUTOS = YES_AGGRESSIVE;
				GCC_WARN_UNUSED_FUNCTION = YES;
				GCC_WARN_UNUSED_VARIABLE = YES;
				IPHONEOS_DEPLOYMENT_TARGET = 11.0;
				MTL_ENABLE_DEBUG_INFO = NO;
				SDKROOT = iphoneos;
				SWIFT_OPTIMIZATION_LEVEL = "-Owholemodule";
				VALIDATE_PRODUCT = YES;
			};
			name = Release;
		};
		778FECF31F820F6F00251526 /* Debug */ = {
			isa = XCBuildConfiguration;
			baseConfigurationReference = 7E6521685C7C75B2045F0F0C /* Pods-PokedexFFUF.debug.xcconfig */;
			buildSettings = {
				ASSETCATALOG_COMPILER_APPICON_NAME = AppIcon;
				CODE_SIGN_STYLE = Automatic;
				DEVELOPMENT_TEAM = 3S4MHP69HY;
				INFOPLIST_FILE = "$(SRCROOT)/PokedexFFUF/Supporting Files/Info.plist";
				LD_RUNPATH_SEARCH_PATHS = "$(inherited) @executable_path/Frameworks";
				PRODUCT_BUNDLE_IDENTIFIER = de.ffuf.Tutorial.PokedexFFUF;
				PRODUCT_NAME = "$(TARGET_NAME)";
				SWIFT_VERSION = 4.0;
				TARGETED_DEVICE_FAMILY = "1,2";
			};
			name = Debug;
		};
		778FECF41F820F6F00251526 /* Release */ = {
			isa = XCBuildConfiguration;
			baseConfigurationReference = 32609115831FBC9914127D75 /* Pods-PokedexFFUF.release.xcconfig */;
			buildSettings = {
				ASSETCATALOG_COMPILER_APPICON_NAME = AppIcon;
				CODE_SIGN_STYLE = Automatic;
				DEVELOPMENT_TEAM = 3S4MHP69HY;
				INFOPLIST_FILE = "$(SRCROOT)/PokedexFFUF/Supporting Files/Info.plist";
				LD_RUNPATH_SEARCH_PATHS = "$(inherited) @executable_path/Frameworks";
				PRODUCT_BUNDLE_IDENTIFIER = de.ffuf.Tutorial.PokedexFFUF;
				PRODUCT_NAME = "$(TARGET_NAME)";
				SWIFT_VERSION = 4.0;
				TARGETED_DEVICE_FAMILY = "1,2";
			};
			name = Release;
		};
/* End XCBuildConfiguration section */

/* Begin XCConfigurationList section */
		778FECDB1F820F6F00251526 /* Build configuration list for PBXProject "PokedexFFUF" */ = {
			isa = XCConfigurationList;
			buildConfigurations = (
				778FECF01F820F6F00251526 /* Debug */,
				778FECF11F820F6F00251526 /* Release */,
			);
			defaultConfigurationIsVisible = 0;
			defaultConfigurationName = Release;
		};
		778FECF21F820F6F00251526 /* Build configuration list for PBXNativeTarget "PokedexFFUF" */ = {
			isa = XCConfigurationList;
			buildConfigurations = (
				778FECF31F820F6F00251526 /* Debug */,
				778FECF41F820F6F00251526 /* Release */,
			);
			defaultConfigurationIsVisible = 0;
			defaultConfigurationName = Release;
		};
/* End XCConfigurationList section */
	};
	rootObject = 778FECD81F820F6F00251526 /* Project object */;
}
